// !$*UTF8*$!
{
	archiveVersion = 1;
	classes = {
	};
	objectVersion = 48;
	objects = {

/* Begin PBXBuildFile section */
		175ADE68A66130637B6DCECC /* Pods_convocatoriaMovilidadUITests.framework in Frameworks */ = {isa = PBXBuildFile; fileRef = F5A30327DFF289E646312F28 /* Pods_convocatoriaMovilidadUITests.framework */; };
		84404B57206C47D800E16132 /* ViewControllerTableViewCell.swift in Sources */ = {isa = PBXBuildFile; fileRef = 84404B56206C47D800E16132 /* ViewControllerTableViewCell.swift */; };
		84404B59206C48C700E16132 /* MovilidadModel.swift in Sources */ = {isa = PBXBuildFile; fileRef = 84404B58206C48C700E16132 /* MovilidadModel.swift */; };
		84B752A5206C2B5900C44CFA /* AppDelegate.swift in Sources */ = {isa = PBXBuildFile; fileRef = 84B752A4206C2B5900C44CFA /* AppDelegate.swift */; };
		84B752A7206C2B5900C44CFA /* ViewController.swift in Sources */ = {isa = PBXBuildFile; fileRef = 84B752A6206C2B5900C44CFA /* ViewController.swift */; };
		84B752AA206C2B5900C44CFA /* Main.storyboard in Resources */ = {isa = PBXBuildFile; fileRef = 84B752A8206C2B5900C44CFA /* Main.storyboard */; };
		84B752AC206C2B5900C44CFA /* Assets.xcassets in Resources */ = {isa = PBXBuildFile; fileRef = 84B752AB206C2B5900C44CFA /* Assets.xcassets */; };
		84B752AF206C2B5900C44CFA /* LaunchScreen.storyboard in Resources */ = {isa = PBXBuildFile; fileRef = 84B752AD206C2B5900C44CFA /* LaunchScreen.storyboard */; };
		84B752BA206C2B5900C44CFA /* convocatoriaMovilidadTests.swift in Sources */ = {isa = PBXBuildFile; fileRef = 84B752B9206C2B5900C44CFA /* convocatoriaMovilidadTests.swift */; };
		84B752C5206C2B5900C44CFA /* convocatoriaMovilidadUITests.swift in Sources */ = {isa = PBXBuildFile; fileRef = 84B752C4206C2B5900C44CFA /* convocatoriaMovilidadUITests.swift */; };
		84B752D3206C2C1B00C44CFA /* GoogleService-Info.plist in Resources */ = {isa = PBXBuildFile; fileRef = 84B752D2206C2C1B00C44CFA /* GoogleService-Info.plist */; };
		ECFB57B6BE77419FD21D396B /* Pods_convocatoriaMovilidadTests.framework in Frameworks */ = {isa = PBXBuildFile; fileRef = C782E4BB782E20DDC32D150B /* Pods_convocatoriaMovilidadTests.framework */; };
		FDF0E5BDF886CCB8CF52EDDA /* Pods_convocatoriaMovilidad.framework in Frameworks */ = {isa = PBXBuildFile; fileRef = 6FD12A9827244B4AFD545F42 /* Pods_convocatoriaMovilidad.framework */; };
/* End PBXBuildFile section */

/* Begin PBXContainerItemProxy section */
		84B752B6206C2B5900C44CFA /* PBXContainerItemProxy */ = {
			isa = PBXContainerItemProxy;
			containerPortal = 84B75299206C2B5900C44CFA /* Project object */;
			proxyType = 1;
			remoteGlobalIDString = 84B752A0206C2B5900C44CFA;
			remoteInfo = convocatoriaMovilidad;
		};
		84B752C1206C2B5900C44CFA /* PBXContainerItemProxy */ = {
			isa = PBXContainerItemProxy;
			containerPortal = 84B75299206C2B5900C44CFA /* Project object */;
			proxyType = 1;
			remoteGlobalIDString = 84B752A0206C2B5900C44CFA;
			remoteInfo = convocatoriaMovilidad;
		};
/* End PBXContainerItemProxy section */

/* Begin PBXFileReference section */
		435E04D68DD58E0FC173BB98 /* Pods-convocatoriaMovilidadTests.release.xcconfig */ = {isa = PBXFileReference; includeInIndex = 1; lastKnownFileType = text.xcconfig; name = "Pods-convocatoriaMovilidadTests.release.xcconfig"; path = "Pods/Target Support Files/Pods-convocatoriaMovilidadTests/Pods-convocatoriaMovilidadTests.release.xcconfig"; sourceTree = "<group>"; };
		6259836CD276B32DAF42042A /* Pods-convocatoriaMovilidadUITests.debug.xcconfig */ = {isa = PBXFileReference; includeInIndex = 1; lastKnownFileType = text.xcconfig; name = "Pods-convocatoriaMovilidadUITests.debug.xcconfig"; path = "Pods/Target Support Files/Pods-convocatoriaMovilidadUITests/Pods-convocatoriaMovilidadUITests.debug.xcconfig"; sourceTree = "<group>"; };
		6FD12A9827244B4AFD545F42 /* Pods_convocatoriaMovilidad.framework */ = {isa = PBXFileReference; explicitFileType = wrapper.framework; includeInIndex = 0; path = Pods_convocatoriaMovilidad.framework; sourceTree = BUILT_PRODUCTS_DIR; };
		77BA4203B4CEA3E92AB68796 /* Pods-convocatoriaMovilidad.release.xcconfig */ = {isa = PBXFileReference; includeInIndex = 1; lastKnownFileType = text.xcconfig; name = "Pods-convocatoriaMovilidad.release.xcconfig"; path = "Pods/Target Support Files/Pods-convocatoriaMovilidad/Pods-convocatoriaMovilidad.release.xcconfig"; sourceTree = "<group>"; };
		84404B56206C47D800E16132 /* ViewControllerTableViewCell.swift */ = {isa = PBXFileReference; lastKnownFileType = sourcecode.swift; path = ViewControllerTableViewCell.swift; sourceTree = "<group>"; };
		84404B58206C48C700E16132 /* MovilidadModel.swift */ = {isa = PBXFileReference; lastKnownFileType = sourcecode.swift; path = MovilidadModel.swift; sourceTree = "<group>"; };
		84B752A1206C2B5900C44CFA /* convocatoriaMovilidad.app */ = {isa = PBXFileReference; explicitFileType = wrapper.application; includeInIndex = 0; path = convocatoriaMovilidad.app; sourceTree = BUILT_PRODUCTS_DIR; };
		84B752A4206C2B5900C44CFA /* AppDelegate.swift */ = {isa = PBXFileReference; lastKnownFileType = sourcecode.swift; path = AppDelegate.swift; sourceTree = "<group>"; };
		84B752A6206C2B5900C44CFA /* ViewController.swift */ = {isa = PBXFileReference; lastKnownFileType = sourcecode.swift; path = ViewController.swift; sourceTree = "<group>"; };
		84B752A9206C2B5900C44CFA /* Base */ = {isa = PBXFileReference; lastKnownFileType = file.storyboard; name = Base; path = Base.lproj/Main.storyboard; sourceTree = "<group>"; };
		84B752AB206C2B5900C44CFA /* Assets.xcassets */ = {isa = PBXFileReference; lastKnownFileType = folder.assetcatalog; path = Assets.xcassets; sourceTree = "<group>"; };
		84B752AE206C2B5900C44CFA /* Base */ = {isa = PBXFileReference; lastKnownFileType = file.storyboard; name = Base; path = Base.lproj/LaunchScreen.storyboard; sourceTree = "<group>"; };
		84B752B0206C2B5900C44CFA /* Info.plist */ = {isa = PBXFileReference; lastKnownFileType = text.plist.xml; path = Info.plist; sourceTree = "<group>"; };
		84B752B5206C2B5900C44CFA /* convocatoriaMovilidadTests.xctest */ = {isa = PBXFileReference; explicitFileType = wrapper.cfbundle; includeInIndex = 0; path = convocatoriaMovilidadTests.xctest; sourceTree = BUILT_PRODUCTS_DIR; };
		84B752B9206C2B5900C44CFA /* convocatoriaMovilidadTests.swift */ = {isa = PBXFileReference; lastKnownFileType = sourcecode.swift; path = convocatoriaMovilidadTests.swift; sourceTree = "<group>"; };
		84B752BB206C2B5900C44CFA /* Info.plist */ = {isa = PBXFileReference; lastKnownFileType = text.plist.xml; path = Info.plist; sourceTree = "<group>"; };
		84B752C0206C2B5900C44CFA /* convocatoriaMovilidadUITests.xctest */ = {isa = PBXFileReference; explicitFileType = wrapper.cfbundle; includeInIndex = 0; path = convocatoriaMovilidadUITests.xctest; sourceTree = BUILT_PRODUCTS_DIR; };
		84B752C4206C2B5900C44CFA /* convocatoriaMovilidadUITests.swift */ = {isa = PBXFileReference; lastKnownFileType = sourcecode.swift; path = convocatoriaMovilidadUITests.swift; sourceTree = "<group>"; };
		84B752C6206C2B5900C44CFA /* Info.plist */ = {isa = PBXFileReference; lastKnownFileType = text.plist.xml; path = Info.plist; sourceTree = "<group>"; };
		84B752D2206C2C1B00C44CFA /* GoogleService-Info.plist */ = {isa = PBXFileReference; fileEncoding = 4; lastKnownFileType = text.plist.xml; name = "GoogleService-Info.plist"; path = "../../../../Downloads/GoogleService-Info.plist"; sourceTree = "<group>"; };
		A886ADFE58CEFF6FB5F4C0A5 /* Pods-convocatoriaMovilidadTests.debug.xcconfig */ = {isa = PBXFileReference; includeInIndex = 1; lastKnownFileType = text.xcconfig; name = "Pods-convocatoriaMovilidadTests.debug.xcconfig"; path = "Pods/Target Support Files/Pods-convocatoriaMovilidadTests/Pods-convocatoriaMovilidadTests.debug.xcconfig"; sourceTree = "<group>"; };
		C782E4BB782E20DDC32D150B /* Pods_convocatoriaMovilidadTests.framework */ = {isa = PBXFileReference; explicitFileType = wrapper.framework; includeInIndex = 0; path = Pods_convocatoriaMovilidadTests.framework; sourceTree = BUILT_PRODUCTS_DIR; };
		E96C49CDD8D31EB1765F0C70 /* Pods-convocatoriaMovilidad.debug.xcconfig */ = {isa = PBXFileReference; includeInIndex = 1; lastKnownFileType = text.xcconfig; name = "Pods-convocatoriaMovilidad.debug.xcconfig"; path = "Pods/Target Support Files/Pods-convocatoriaMovilidad/Pods-convocatoriaMovilidad.debug.xcconfig"; sourceTree = "<group>"; };
		F5A30327DFF289E646312F28 /* Pods_convocatoriaMovilidadUITests.framework */ = {isa = PBXFileReference; explicitFileType = wrapper.framework; includeInIndex = 0; path = Pods_convocatoriaMovilidadUITests.framework; sourceTree = BUILT_PRODUCTS_DIR; };
		F92736AE66CB680F72BC1A7D /* Pods-convocatoriaMovilidadUITests.release.xcconfig */ = {isa = PBXFileReference; includeInIndex = 1; lastKnownFileType = text.xcconfig; name = "Pods-convocatoriaMovilidadUITests.release.xcconfig"; path = "Pods/Target Support Files/Pods-convocatoriaMovilidadUITests/Pods-convocatoriaMovilidadUITests.release.xcconfig"; sourceTree = "<group>"; };
/* End PBXFileReference section */

/* Begin PBXFrameworksBuildPhase section */
		84B7529E206C2B5900C44CFA /* Frameworks */ = {
			isa = PBXFrameworksBuildPhase;
			buildActionMask = 2147483647;
			files = (
				FDF0E5BDF886CCB8CF52EDDA /* Pods_convocatoriaMovilidad.framework in Frameworks */,
			);
			runOnlyForDeploymentPostprocessing = 0;
		};
		84B752B2206C2B5900C44CFA /* Frameworks */ = {
			isa = PBXFrameworksBuildPhase;
			buildActionMask = 2147483647;
			files = (
				ECFB57B6BE77419FD21D396B /* Pods_convocatoriaMovilidadTests.framework in Frameworks */,
			);
			runOnlyForDeploymentPostprocessing = 0;
		};
		84B752BD206C2B5900C44CFA /* Frameworks */ = {
			isa = PBXFrameworksBuildPhase;
			buildActionMask = 2147483647;
			files = (
				175ADE68A66130637B6DCECC /* Pods_convocatoriaMovilidadUITests.framework in Frameworks */,
			);
			runOnlyForDeploymentPostprocessing = 0;
		};
/* End PBXFrameworksBuildPhase section */

/* Begin PBXGroup section */
		84B75298206C2B5900C44CFA = {
			isa = PBXGroup;
			children = (
				84B752A3206C2B5900C44CFA /* convocatoriaMovilidad */,
				84B752B8206C2B5900C44CFA /* convocatoriaMovilidadTests */,
				84B752C3206C2B5900C44CFA /* convocatoriaMovilidadUITests */,
				84B752A2206C2B5900C44CFA /* Products */,
				E3F0F967F4B36759F2B81957 /* Pods */,
				AC23D543F2321C4E9B92531C /* Frameworks */,
			);
			sourceTree = "<group>";
		};
		84B752A2206C2B5900C44CFA /* Products */ = {
			isa = PBXGroup;
			children = (
				84B752A1206C2B5900C44CFA /* convocatoriaMovilidad.app */,
				84B752B5206C2B5900C44CFA /* convocatoriaMovilidadTests.xctest */,
				84B752C0206C2B5900C44CFA /* convocatoriaMovilidadUITests.xctest */,
			);
			name = Products;
			sourceTree = "<group>";
		};
		84B752A3206C2B5900C44CFA /* convocatoriaMovilidad */ = {
			isa = PBXGroup;
			children = (
				84B752D2206C2C1B00C44CFA /* GoogleService-Info.plist */,
				84B752A4206C2B5900C44CFA /* AppDelegate.swift */,
				84B752A6206C2B5900C44CFA /* ViewController.swift */,
				84404B58206C48C700E16132 /* MovilidadModel.swift */,
				84B752A8206C2B5900C44CFA /* Main.storyboard */,
				84404B56206C47D800E16132 /* ViewControllerTableViewCell.swift */,
				84B752AB206C2B5900C44CFA /* Assets.xcassets */,
				84B752AD206C2B5900C44CFA /* LaunchScreen.storyboard */,
				84B752B0206C2B5900C44CFA /* Info.plist */,
			);
			path = convocatoriaMovilidad;
			sourceTree = "<group>";
		};
		84B752B8206C2B5900C44CFA /* convocatoriaMovilidadTests */ = {
			isa = PBXGroup;
			children = (
				84B752B9206C2B5900C44CFA /* convocatoriaMovilidadTests.swift */,
				84B752BB206C2B5900C44CFA /* Info.plist */,
			);
			path = convocatoriaMovilidadTests;
			sourceTree = "<group>";
		};
		84B752C3206C2B5900C44CFA /* convocatoriaMovilidadUITests */ = {
			isa = PBXGroup;
			children = (
				84B752C4206C2B5900C44CFA /* convocatoriaMovilidadUITests.swift */,
				84B752C6206C2B5900C44CFA /* Info.plist */,
			);
			path = convocatoriaMovilidadUITests;
			sourceTree = "<group>";
		};
		AC23D543F2321C4E9B92531C /* Frameworks */ = {
			isa = PBXGroup;
			children = (
				6FD12A9827244B4AFD545F42 /* Pods_convocatoriaMovilidad.framework */,
				C782E4BB782E20DDC32D150B /* Pods_convocatoriaMovilidadTests.framework */,
				F5A30327DFF289E646312F28 /* Pods_convocatoriaMovilidadUITests.framework */,
			);
			name = Frameworks;
			sourceTree = "<group>";
		};
		E3F0F967F4B36759F2B81957 /* Pods */ = {
			isa = PBXGroup;
			children = (
				E96C49CDD8D31EB1765F0C70 /* Pods-convocatoriaMovilidad.debug.xcconfig */,
				77BA4203B4CEA3E92AB68796 /* Pods-convocatoriaMovilidad.release.xcconfig */,
				A886ADFE58CEFF6FB5F4C0A5 /* Pods-convocatoriaMovilidadTests.debug.xcconfig */,
				435E04D68DD58E0FC173BB98 /* Pods-convocatoriaMovilidadTests.release.xcconfig */,
				6259836CD276B32DAF42042A /* Pods-convocatoriaMovilidadUITests.debug.xcconfig */,
				F92736AE66CB680F72BC1A7D /* Pods-convocatoriaMovilidadUITests.release.xcconfig */,
			);
			name = Pods;
			sourceTree = "<group>";
		};
/* End PBXGroup section */

/* Begin PBXNativeTarget section */
		84B752A0206C2B5900C44CFA /* convocatoriaMovilidad */ = {
			isa = PBXNativeTarget;
			buildConfigurationList = 84B752C9206C2B5900C44CFA /* Build configuration list for PBXNativeTarget "convocatoriaMovilidad" */;
			buildPhases = (
				EA5FFE7DC0A4B4840BE87B68 /* [CP] Check Pods Manifest.lock */,
				84B7529D206C2B5900C44CFA /* Sources */,
				84B7529E206C2B5900C44CFA /* Frameworks */,
				84B7529F206C2B5900C44CFA /* Resources */,
				920B9F7B075F40CE0C94C3E7 /* [CP] Embed Pods Frameworks */,
				D082283EC3859644C6A6EC8A /* [CP] Copy Pods Resources */,
			);
			buildRules = (
			);
			dependencies = (
			);
			name = convocatoriaMovilidad;
			productName = convocatoriaMovilidad;
			productReference = 84B752A1206C2B5900C44CFA /* convocatoriaMovilidad.app */;
			productType = "com.apple.product-type.application";
		};
		84B752B4206C2B5900C44CFA /* convocatoriaMovilidadTests */ = {
			isa = PBXNativeTarget;
			buildConfigurationList = 84B752CC206C2B5900C44CFA /* Build configuration list for PBXNativeTarget "convocatoriaMovilidadTests" */;
			buildPhases = (
				3DE14ADE2E687DC37779ABB2 /* [CP] Check Pods Manifest.lock */,
				84B752B1206C2B5900C44CFA /* Sources */,
				84B752B2206C2B5900C44CFA /* Frameworks */,
				84B752B3206C2B5900C44CFA /* Resources */,
				CDC3D7BEC7032B854483CD36 /* [CP] Embed Pods Frameworks */,
				7D2E589A2D97E1AADFD712C9 /* [CP] Copy Pods Resources */,
			);
			buildRules = (
			);
			dependencies = (
				84B752B7206C2B5900C44CFA /* PBXTargetDependency */,
			);
			name = convocatoriaMovilidadTests;
			productName = convocatoriaMovilidadTests;
			productReference = 84B752B5206C2B5900C44CFA /* convocatoriaMovilidadTests.xctest */;
			productType = "com.apple.product-type.bundle.unit-test";
		};
		84B752BF206C2B5900C44CFA /* convocatoriaMovilidadUITests */ = {
			isa = PBXNativeTarget;
			buildConfigurationList = 84B752CF206C2B5900C44CFA /* Build configuration list for PBXNativeTarget "convocatoriaMovilidadUITests" */;
			buildPhases = (
				05ABCB6E7F93C495A1DE2E3D /* [CP] Check Pods Manifest.lock */,
				84B752BC206C2B5900C44CFA /* Sources */,
				84B752BD206C2B5900C44CFA /* Frameworks */,
				84B752BE206C2B5900C44CFA /* Resources */,
				8F437E05C088E5316D26E085 /* [CP] Embed Pods Frameworks */,
				0BC3B13B0B9063D90C981B1F /* [CP] Copy Pods Resources */,
			);
			buildRules = (
			);
			dependencies = (
				84B752C2206C2B5900C44CFA /* PBXTargetDependency */,
			);
			name = convocatoriaMovilidadUITests;
			productName = convocatoriaMovilidadUITests;
			productReference = 84B752C0206C2B5900C44CFA /* convocatoriaMovilidadUITests.xctest */;
			productType = "com.apple.product-type.bundle.ui-testing";
		};
/* End PBXNativeTarget section */

/* Begin PBXProject section */
		84B75299206C2B5900C44CFA /* Project object */ = {
			isa = PBXProject;
			attributes = {
				LastSwiftUpdateCheck = 0920;
				LastUpgradeCheck = 0920;
				ORGANIZATIONNAME = "Ivo Sam";
				TargetAttributes = {
					84B752A0206C2B5900C44CFA = {
						CreatedOnToolsVersion = 9.2;
						ProvisioningStyle = Automatic;
					};
					84B752B4206C2B5900C44CFA = {
						CreatedOnToolsVersion = 9.2;
						ProvisioningStyle = Automatic;
						TestTargetID = 84B752A0206C2B5900C44CFA;
					};
					84B752BF206C2B5900C44CFA = {
						CreatedOnToolsVersion = 9.2;
						ProvisioningStyle = Automatic;
						TestTargetID = 84B752A0206C2B5900C44CFA;
					};
				};
			};
			buildConfigurationList = 84B7529C206C2B5900C44CFA /* Build configuration list for PBXProject "convocatoriaMovilidad" */;
			compatibilityVersion = "Xcode 8.0";
			developmentRegion = en;
			hasScannedForEncodings = 0;
			knownRegions = (
				en,
				Base,
			);
			mainGroup = 84B75298206C2B5900C44CFA;
			productRefGroup = 84B752A2206C2B5900C44CFA /* Products */;
			projectDirPath = "";
			projectRoot = "";
			targets = (
				84B752A0206C2B5900C44CFA /* convocatoriaMovilidad */,
				84B752B4206C2B5900C44CFA /* convocatoriaMovilidadTests */,
				84B752BF206C2B5900C44CFA /* convocatoriaMovilidadUITests */,
			);
		};
/* End PBXProject section */

/* Begin PBXResourcesBuildPhase section */
		84B7529F206C2B5900C44CFA /* Resources */ = {
			isa = PBXResourcesBuildPhase;
			buildActionMask = 2147483647;
			files = (
				84B752AF206C2B5900C44CFA /* LaunchScreen.storyboard in Resources */,
				84B752D3206C2C1B00C44CFA /* GoogleService-Info.plist in Resources */,
				84B752AC206C2B5900C44CFA /* Assets.xcassets in Resources */,
				84B752AA206C2B5900C44CFA /* Main.storyboard in Resources */,
			);
			runOnlyForDeploymentPostprocessing = 0;
		};
		84B752B3206C2B5900C44CFA /* Resources */ = {
			isa = PBXResourcesBuildPhase;
			buildActionMask = 2147483647;
			files = (
			);
			runOnlyForDeploymentPostprocessing = 0;
		};
		84B752BE206C2B5900C44CFA /* Resources */ = {
			isa = PBXResourcesBuildPhase;
			buildActionMask = 2147483647;
			files = (
			);
			runOnlyForDeploymentPostprocessing = 0;
		};
/* End PBXResourcesBuildPhase section */

/* Begin PBXShellScriptBuildPhase section */
		05ABCB6E7F93C495A1DE2E3D /* [CP] Check Pods Manifest.lock */ = {
			isa = PBXShellScriptBuildPhase;
			buildActionMask = 2147483647;
			files = (
			);
			inputPaths = (
				"${PODS_PODFILE_DIR_PATH}/Podfile.lock",
				"${PODS_ROOT}/Manifest.lock",
			);
			name = "[CP] Check Pods Manifest.lock";
			outputPaths = (
				"$(DERIVED_FILE_DIR)/Pods-convocatoriaMovilidadUITests-checkManifestLockResult.txt",
			);
			runOnlyForDeploymentPostprocessing = 0;
			shellPath = /bin/sh;
			shellScript = "diff \"${PODS_PODFILE_DIR_PATH}/Podfile.lock\" \"${PODS_ROOT}/Manifest.lock\" > /dev/null\nif [ $? != 0 ] ; then\n    # print error to STDERR\n    echo \"error: The sandbox is not in sync with the Podfile.lock. Run 'pod install' or update your CocoaPods installation.\" >&2\n    exit 1\nfi\n# This output is used by Xcode 'outputs' to avoid re-running this script phase.\necho \"SUCCESS\" > \"${SCRIPT_OUTPUT_FILE_0}\"\n";
			showEnvVarsInLog = 0;
		};
		0BC3B13B0B9063D90C981B1F /* [CP] Copy Pods Resources */ = {
			isa = PBXShellScriptBuildPhase;
			buildActionMask = 2147483647;
			files = (
			);
			inputPaths = (
			);
			name = "[CP] Copy Pods Resources";
			outputPaths = (
			);
			runOnlyForDeploymentPostprocessing = 0;
			shellPath = /bin/sh;
			shellScript = "\"${SRCROOT}/Pods/Target Support Files/Pods-convocatoriaMovilidadUITests/Pods-convocatoriaMovilidadUITests-resources.sh\"\n";
			showEnvVarsInLog = 0;
		};
		3DE14ADE2E687DC37779ABB2 /* [CP] Check Pods Manifest.lock */ = {
			isa = PBXShellScriptBuildPhase;
			buildActionMask = 2147483647;
			files = (
			);
			inputPaths = (
				"${PODS_PODFILE_DIR_PATH}/Podfile.lock",
				"${PODS_ROOT}/Manifest.lock",
			);
			name = "[CP] Check Pods Manifest.lock";
			outputPaths = (
				"$(DERIVED_FILE_DIR)/Pods-convocatoriaMovilidadTests-checkManifestLockResult.txt",
			);
			runOnlyForDeploymentPostprocessing = 0;
			shellPath = /bin/sh;
			shellScript = "diff \"${PODS_PODFILE_DIR_PATH}/Podfile.lock\" \"${PODS_ROOT}/Manifest.lock\" > /dev/null\nif [ $? != 0 ] ; then\n    # print error to STDERR\n    echo \"error: The sandbox is not in sync with the Podfile.lock. Run 'pod install' or update your CocoaPods installation.\" >&2\n    exit 1\nfi\n# This output is used by Xcode 'outputs' to avoid re-running this script phase.\necho \"SUCCESS\" > \"${SCRIPT_OUTPUT_FILE_0}\"\n";
			showEnvVarsInLog = 0;
		};
		7D2E589A2D97E1AADFD712C9 /* [CP] Copy Pods Resources */ = {
			isa = PBXShellScriptBuildPhase;
			buildActionMask = 2147483647;
			files = (
			);
			inputPaths = (
			);
			name = "[CP] Copy Pods Resources";
			outputPaths = (
			);
			runOnlyForDeploymentPostprocessing = 0;
			shellPath = /bin/sh;
			shellScript = "\"${SRCROOT}/Pods/Target Support Files/Pods-convocatoriaMovilidadTests/Pods-convocatoriaMovilidadTests-resources.sh\"\n";
			showEnvVarsInLog = 0;
		};
		8F437E05C088E5316D26E085 /* [CP] Embed Pods Frameworks */ = {
			isa = PBXShellScriptBuildPhase;
			buildActionMask = 2147483647;
			files = (
			);
			inputPaths = (
			);
			name = "[CP] Embed Pods Frameworks";
			outputPaths = (
			);
			runOnlyForDeploymentPostprocessing = 0;
			shellPath = /bin/sh;
			shellScript = "\"${SRCROOT}/Pods/Target Support Files/Pods-convocatoriaMovilidadUITests/Pods-convocatoriaMovilidadUITests-frameworks.sh\"\n";
			showEnvVarsInLog = 0;
		};
		920B9F7B075F40CE0C94C3E7 /* [CP] Embed Pods Frameworks */ = {
			isa = PBXShellScriptBuildPhase;
			buildActionMask = 2147483647;
			files = (
			);
			inputPaths = (
				"${SRCROOT}/Pods/Target Support Files/Pods-convocatoriaMovilidad/Pods-convocatoriaMovilidad-frameworks.sh",
				"${BUILT_PRODUCTS_DIR}/GoogleToolboxForMac/GoogleToolboxForMac.framework",
				"${BUILT_PRODUCTS_DIR}/leveldb-library/leveldb.framework",
				"${BUILT_PRODUCTS_DIR}/nanopb/nanopb.framework",
			);
			name = "[CP] Embed Pods Frameworks";
			outputPaths = (
				"${TARGET_BUILD_DIR}/${FRAMEWORKS_FOLDER_PATH}/GoogleToolboxForMac.framework",
				"${TARGET_BUILD_DIR}/${FRAMEWORKS_FOLDER_PATH}/leveldb.framework",
				"${TARGET_BUILD_DIR}/${FRAMEWORKS_FOLDER_PATH}/nanopb.framework",
			);
			runOnlyForDeploymentPostprocessing = 0;
			shellPath = /bin/sh;
			shellScript = "\"${SRCROOT}/Pods/Target Support Files/Pods-convocatoriaMovilidad/Pods-convocatoriaMovilidad-frameworks.sh\"\n";
			showEnvVarsInLog = 0;
		};
		CDC3D7BEC7032B854483CD36 /* [CP] Embed Pods Frameworks */ = {
			isa = PBXShellScriptBuildPhase;
			buildActionMask = 2147483647;
			files = (
			);
			inputPaths = (
			);
			name = "[CP] Embed Pods Frameworks";
			outputPaths = (
			);
			runOnlyForDeploymentPostprocessing = 0;
			shellPath = /bin/sh;
			shellScript = "\"${SRCROOT}/Pods/Target Support Files/Pods-convocatoriaMovilidadTests/Pods-convocatoriaMovilidadTests-frameworks.sh\"\n";
			showEnvVarsInLog = 0;
		};
		D082283EC3859644C6A6EC8A /* [CP] Copy Pods Resources */ = {
			isa = PBXShellScriptBuildPhase;
			buildActionMask = 2147483647;
			files = (
			);
			inputPaths = (
			);
			name = "[CP] Copy Pods Resources";
			outputPaths = (
			);
			runOnlyForDeploymentPostprocessing = 0;
			shellPath = /bin/sh;
			shellScript = "\"${SRCROOT}/Pods/Target Support Files/Pods-convocatoriaMovilidad/Pods-convocatoriaMovilidad-resources.sh\"\n";
			showEnvVarsInLog = 0;
		};
		EA5FFE7DC0A4B4840BE87B68 /* [CP] Check Pods Manifest.lock */ = {
			isa = PBXShellScriptBuildPhase;
			buildActionMask = 2147483647;
			files = (
			);
			inputPaths = (
				"${PODS_PODFILE_DIR_PATH}/Podfile.lock",
				"${PODS_ROOT}/Manifest.lock",
			);
			name = "[CP] Check Pods Manifest.lock";
			outputPaths = (
				"$(DERIVED_FILE_DIR)/Pods-convocatoriaMovilidad-checkManifestLockResult.txt",
			);
			runOnlyForDeploymentPostprocessing = 0;
			shellPath = /bin/sh;
			shellScript = "diff \"${PODS_PODFILE_DIR_PATH}/Podfile.lock\" \"${PODS_ROOT}/Manifest.lock\" > /dev/null\nif [ $? != 0 ] ; then\n    # print error to STDERR\n    echo \"error: The sandbox is not in sync with the Podfile.lock. Run 'pod install' or update your CocoaPods installation.\" >&2\n    exit 1\nfi\n# This output is used by Xcode 'outputs' to avoid re-running this script phase.\necho \"SUCCESS\" > \"${SCRIPT_OUTPUT_FILE_0}\"\n";
			showEnvVarsInLog = 0;
		};
/* End PBXShellScriptBuildPhase section */

/* Begin PBXSourcesBuildPhase section */
		84B7529D206C2B5900C44CFA /* Sources */ = {
			isa = PBXSourcesBuildPhase;
			buildActionMask = 2147483647;
			files = (
				84B752A7206C2B5900C44CFA /* ViewController.swift in Sources */,
				84404B59206C48C700E16132 /* MovilidadModel.swift in Sources */,
				84B752A5206C2B5900C44CFA /* AppDelegate.swift in Sources */,
				84404B57206C47D800E16132 /* ViewControllerTableViewCell.swift in Sources */,
			);
			runOnlyForDeploymentPostprocessing = 0;
		};
		84B752B1206C2B5900C44CFA /* Sources */ = {
			isa = PBXSourcesBuildPhase;
			buildActionMask = 2147483647;
			files = (
				84B752BA206C2B5900C44CFA /* convocatoriaMovilidadTests.swift in Sources */,
			);
			runOnlyForDeploymentPostprocessing = 0;
		};
		84B752BC206C2B5900C44CFA /* Sources */ = {
			isa = PBXSourcesBuildPhase;
			buildActionMask = 2147483647;
			files = (
				84B752C5206C2B5900C44CFA /* convocatoriaMovilidadUITests.swift in Sources */,
			);
			runOnlyForDeploymentPostprocessing = 0;
		};
/* End PBXSourcesBuildPhase section */

/* Begin PBXTargetDependency section */
		84B752B7206C2B5900C44CFA /* PBXTargetDependency */ = {
			isa = PBXTargetDependency;
			target = 84B752A0206C2B5900C44CFA /* convocatoriaMovilidad */;
			targetProxy = 84B752B6206C2B5900C44CFA /* PBXContainerItemProxy */;
		};
		84B752C2206C2B5900C44CFA /* PBXTargetDependency */ = {
			isa = PBXTargetDependency;
			target = 84B752A0206C2B5900C44CFA /* convocatoriaMovilidad */;
			targetProxy = 84B752C1206C2B5900C44CFA /* PBXContainerItemProxy */;
		};
/* End PBXTargetDependency section */

/* Begin PBXVariantGroup section */
		84B752A8206C2B5900C44CFA /* Main.storyboard */ = {
			isa = PBXVariantGroup;
			children = (
				84B752A9206C2B5900C44CFA /* Base */,
			);
			name = Main.storyboard;
			sourceTree = "<group>";
		};
		84B752AD206C2B5900C44CFA /* LaunchScreen.storyboard */ = {
			isa = PBXVariantGroup;
			children = (
				84B752AE206C2B5900C44CFA /* Base */,
			);
			name = LaunchScreen.storyboard;
			sourceTree = "<group>";
		};
/* End PBXVariantGroup section */

/* Begin XCBuildConfiguration section */
		84B752C7206C2B5900C44CFA /* Debug */ = {
			isa = XCBuildConfiguration;
			buildSettings = {
				ALWAYS_SEARCH_USER_PATHS = NO;
				CLANG_ANALYZER_NONNULL = YES;
				CLANG_ANALYZER_NUMBER_OBJECT_CONVERSION = YES_AGGRESSIVE;
				CLANG_CXX_LANGUAGE_STANDARD = "gnu++14";
				CLANG_CXX_LIBRARY = "libc++";
				CLANG_ENABLE_MODULES = YES;
				CLANG_ENABLE_OBJC_ARC = YES;
				CLANG_WARN_BLOCK_CAPTURE_AUTORELEASING = YES;
				CLANG_WARN_BOOL_CONVERSION = YES;
				CLANG_WARN_COMMA = YES;
				CLANG_WARN_CONSTANT_CONVERSION = YES;
				CLANG_WARN_DIRECT_OBJC_ISA_USAGE = YES_ERROR;
				CLANG_WARN_DOCUMENTATION_COMMENTS = YES;
				CLANG_WARN_EMPTY_BODY = YES;
				CLANG_WARN_ENUM_CONVERSION = YES;
				CLANG_WARN_INFINITE_RECURSION = YES;
				CLANG_WARN_INT_CONVERSION = YES;
				CLANG_WARN_NON_LITERAL_NULL_CONVERSION = YES;
				CLANG_WARN_OBJC_LITERAL_CONVERSION = YES;
				CLANG_WARN_OBJC_ROOT_CLASS = YES_ERROR;
				CLANG_WARN_RANGE_LOOP_ANALYSIS = YES;
				CLANG_WARN_STRICT_PROTOTYPES = YES;
				CLANG_WARN_SUSPICIOUS_MOVE = YES;
				CLANG_WARN_UNGUARDED_AVAILABILITY = YES_AGGRESSIVE;
				CLANG_WARN_UNREACHABLE_CODE = YES;
				CLANG_WARN__DUPLICATE_METHOD_MATCH = YES;
				CODE_SIGN_IDENTITY = "iPhone Developer";
				COPY_PHASE_STRIP = NO;
				DEBUG_INFORMATION_FORMAT = dwarf;
				ENABLE_STRICT_OBJC_MSGSEND = YES;
				ENABLE_TESTABILITY = YES;
				GCC_C_LANGUAGE_STANDARD = gnu11;
				GCC_DYNAMIC_NO_PIC = NO;
				GCC_NO_COMMON_BLOCKS = YES;
				GCC_OPTIMIZATION_LEVEL = 0;
				GCC_PREPROCESSOR_DEFINITIONS = (
					"DEBUG=1",
					"$(inherited)",
				);
				GCC_WARN_64_TO_32_BIT_CONVERSION = YES;
				GCC_WARN_ABOUT_RETURN_TYPE = YES_ERROR;
				GCC_WARN_UNDECLARED_SELECTOR = YES;
				GCC_WARN_UNINITIALIZED_AUTOS = YES_AGGRESSIVE;
				GCC_WARN_UNUSED_FUNCTION = YES;
				GCC_WARN_UNUSED_VARIABLE = YES;
				IPHONEOS_DEPLOYMENT_TARGET = 11.2;
				MTL_ENABLE_DEBUG_INFO = YES;
				ONLY_ACTIVE_ARCH = YES;
				SDKROOT = iphoneos;
				SWIFT_ACTIVE_COMPILATION_CONDITIONS = DEBUG;
				SWIFT_OPTIMIZATION_LEVEL = "-Onone";
			};
			name = Debug;
		};
		84B752C8206C2B5900C44CFA /* Release */ = {
			isa = XCBuildConfiguration;
			buildSettings = {
				ALWAYS_SEARCH_USER_PATHS = NO;
				CLANG_ANALYZER_NONNULL = YES;
				CLANG_ANALYZER_NUMBER_OBJECT_CONVERSION = YES_AGGRESSIVE;
				CLANG_CXX_LANGUAGE_STANDARD = "gnu++14";
				CLANG_CXX_LIBRARY = "libc++";
				CLANG_ENABLE_MODULES = YES;
				CLANG_ENABLE_OBJC_ARC = YES;
				CLANG_WARN_BLOCK_CAPTURE_AUTORELEASING = YES;
				CLANG_WARN_BOOL_CONVERSION = YES;
				CLANG_WARN_COMMA = YES;
				CLANG_WARN_CONSTANT_CONVERSION = YES;
				CLANG_WARN_DIRECT_OBJC_ISA_USAGE = YES_ERROR;
				CLANG_WARN_DOCUMENTATION_COMMENTS = YES;
				CLANG_WARN_EMPTY_BODY = YES;
				CLANG_WARN_ENUM_CONVERSION = YES;
				CLANG_WARN_INFINITE_RECURSION = YES;
				CLANG_WARN_INT_CONVERSION = YES;
				CLANG_WARN_NON_LITERAL_NULL_CONVERSION = YES;
				CLANG_WARN_OBJC_LITERAL_CONVERSION = YES;
				CLANG_WARN_OBJC_ROOT_CLASS = YES_ERROR;
				CLANG_WARN_RANGE_LOOP_ANALYSIS = YES;
				CLANG_WARN_STRICT_PROTOTYPES = YES;
				CLANG_WARN_SUSPICIOUS_MOVE = YES;
				CLANG_WARN_UNGUARDED_AVAILABILITY = YES_AGGRESSIVE;
				CLANG_WARN_UNREACHABLE_CODE = YES;
				CLANG_WARN__DUPLICATE_METHOD_MATCH = YES;
				CODE_SIGN_IDENTITY = "iPhone Developer";
				COPY_PHASE_STRIP = NO;
				DEBUG_INFORMATION_FORMAT = "dwarf-with-dsym";
				ENABLE_NS_ASSERTIONS = NO;
				ENABLE_STRICT_OBJC_MSGSEND = YES;
				GCC_C_LANGUAGE_STANDARD = gnu11;
				GCC_NO_COMMON_BLOCKS = YES;
				GCC_WARN_64_TO_32_BIT_CONVERSION = YES;
				GCC_WARN_ABOUT_RETURN_TYPE = YES_ERROR;
				GCC_WARN_UNDECLARED_SELECTOR = YES;
				GCC_WARN_UNINITIALIZED_AUTOS = YES_AGGRESSIVE;
				GCC_WARN_UNUSED_FUNCTION = YES;
				GCC_WARN_UNUSED_VARIABLE = YES;
				IPHONEOS_DEPLOYMENT_TARGET = 11.2;
				MTL_ENABLE_DEBUG_INFO = NO;
				SDKROOT = iphoneos;
				SWIFT_OPTIMIZATION_LEVEL = "-Owholemodule";
				VALIDATE_PRODUCT = YES;
			};
			name = Release;
		};
		84B752CA206C2B5900C44CFA /* Debug */ = {
			isa = XCBuildConfiguration;
			baseConfigurationReference = E96C49CDD8D31EB1765F0C70 /* Pods-convocatoriaMovilidad.debug.xcconfig */;
			buildSettings = {
				ASSETCATALOG_COMPILER_APPICON_NAME = AppIcon;
				CODE_SIGN_STYLE = Automatic;
				DEVELOPMENT_TEAM = C5AB8744F9;
				INFOPLIST_FILE = convocatoriaMovilidad/Info.plist;
				LD_RUNPATH_SEARCH_PATHS = "$(inherited) @executable_path/Frameworks";
				PRODUCT_BUNDLE_IDENTIFIER = conexionIE.convocatoriaMovilidad;
				PRODUCT_NAME = "$(TARGET_NAME)";
				SWIFT_VERSION = 4.0;
				TARGETED_DEVICE_FAMILY = "1,2";
			};
			name = Debug;
		};
		84B752CB206C2B5900C44CFA /* Release */ = {
			isa = XCBuildConfiguration;
			baseConfigurationReference = 77BA4203B4CEA3E92AB68796 /* Pods-convocatoriaMovilidad.release.xcconfig */;
			buildSettings = {
				ASSETCATALOG_COMPILER_APPICON_NAME = AppIcon;
				CODE_SIGN_STYLE = Automatic;
				DEVELOPMENT_TEAM = C5AB8744F9;
				INFOPLIST_FILE = convocatoriaMovilidad/Info.plist;
				LD_RUNPATH_SEARCH_PATHS = "$(inherited) @executable_path/Frameworks";
				PRODUCT_BUNDLE_IDENTIFIER = conexionIE.convocatoriaMovilidad;
				PRODUCT_NAME = "$(TARGET_NAME)";
				SWIFT_VERSION = 4.0;
				TARGETED_DEVICE_FAMILY = "1,2";
			};
			name = Release;
		};
		84B752CD206C2B5900C44CFA /* Debug */ = {
			isa = XCBuildConfiguration;
			baseConfigurationReference = A886ADFE58CEFF6FB5F4C0A5 /* Pods-convocatoriaMovilidadTests.debug.xcconfig */;
			buildSettings = {
				ALWAYS_EMBED_SWIFT_STANDARD_LIBRARIES = YES;
				BUNDLE_LOADER = "$(TEST_HOST)";
				CODE_SIGN_STYLE = Automatic;
				DEVELOPMENT_TEAM = C5AB8744F9;
				INFOPLIST_FILE = convocatoriaMovilidadTests/Info.plist;
				LD_RUNPATH_SEARCH_PATHS = "$(inherited) @executable_path/Frameworks @loader_path/Frameworks";
				PRODUCT_BUNDLE_IDENTIFIER = conexionIE.convocatoriaMovilidadTests;
				PRODUCT_NAME = "$(TARGET_NAME)";
				SWIFT_VERSION = 4.0;
				TARGETED_DEVICE_FAMILY = "1,2";
				TEST_HOST = "$(BUILT_PRODUCTS_DIR)/convocatoriaMovilidad.app/convocatoriaMovilidad";
			};
			name = Debug;
		};
		84B752CE206C2B5900C44CFA /* Release */ = {
			isa = XCBuildConfiguration;
			baseConfigurationReference = 435E04D68DD58E0FC173BB98 /* Pods-convocatoriaMovilidadTests.release.xcconfig */;
			buildSettings = {
				ALWAYS_EMBED_SWIFT_STANDARD_LIBRARIES = YES;
				BUNDLE_LOADER = "$(TEST_HOST)";
				CODE_SIGN_STYLE = Automatic;
				DEVELOPMENT_TEAM = C5AB8744F9;
				INFOPLIST_FILE = convocatoriaMovilidadTests/Info.plist;
				LD_RUNPATH_SEARCH_PATHS = "$(inherited) @executable_path/Frameworks @loader_path/Frameworks";
				PRODUCT_BUNDLE_IDENTIFIER = conexionIE.convocatoriaMovilidadTests;
				PRODUCT_NAME = "$(TARGET_NAME)";
				SWIFT_VERSION = 4.0;
				TARGETED_DEVICE_FAMILY = "1,2";
				TEST_HOST = "$(BUILT_PRODUCTS_DIR)/convocatoriaMovilidad.app/convocatoriaMovilidad";
			};
			name = Release;
		};
		84B752D0206C2B5900C44CFA /* Debug */ = {
			isa = XCBuildConfiguration;
			baseConfigurationReference = 6259836CD276B32DAF42042A /* Pods-convocatoriaMovilidadUITests.debug.xcconfig */;
			buildSettings = {
				ALWAYS_EMBED_SWIFT_STANDARD_LIBRARIES = YES;
				CODE_SIGN_STYLE = Automatic;
				DEVELOPMENT_TEAM = C5AB8744F9;
				INFOPLIST_FILE = convocatoriaMovilidadUITests/Info.plist;
				LD_RUNPATH_SEARCH_PATHS = "$(inherited) @executable_path/Frameworks @loader_path/Frameworks";
				PRODUCT_BUNDLE_IDENTIFIER = conexionIE.convocatoriaMovilidadUITests;
				PRODUCT_NAME = "$(TARGET_NAME)";
				SWIFT_VERSION = 4.0;
				TARGETED_DEVICE_FAMILY = "1,2";
				TEST_TARGET_NAME = convocatoriaMovilidad;
			};
			name = Debug;
		};
		84B752D1206C2B5900C44CFA /* Release */ = {
			isa = XCBuildConfiguration;
			baseConfigurationReference = F92736AE66CB680F72BC1A7D /* Pods-convocatoriaMovilidadUITests.release.xcconfig */;
			buildSettings = {
				ALWAYS_EMBED_SWIFT_STANDARD_LIBRARIES = YES;
				CODE_SIGN_STYLE = Automatic;
				DEVELOPMENT_TEAM = C5AB8744F9;
				INFOPLIST_FILE = convocatoriaMovilidadUITests/Info.plist;
				LD_RUNPATH_SEARCH_PATHS = "$(inherited) @executable_path/Frameworks @loader_path/Frameworks";
				PRODUCT_BUNDLE_IDENTIFIER = conexionIE.convocatoriaMovilidadUITests;
				PRODUCT_NAME = "$(TARGET_NAME)";
				SWIFT_VERSION = 4.0;
				TARGETED_DEVICE_FAMILY = "1,2";
				TEST_TARGET_NAME = convocatoriaMovilidad;
			};
			name = Release;
		};
/* End XCBuildConfiguration section */

/* Begin XCConfigurationList section */
		84B7529C206C2B5900C44CFA /* Build configuration list for PBXProject "convocatoriaMovilidad" */ = {
			isa = XCConfigurationList;
			buildConfigurations = (
				84B752C7206C2B5900C44CFA /* Debug */,
				84B752C8206C2B5900C44CFA /* Release */,
			);
			defaultConfigurationIsVisible = 0;
			defaultConfigurationName = Release;
		};
		84B752C9206C2B5900C44CFA /* Build configuration list for PBXNativeTarget "convocatoriaMovilidad" */ = {
			isa = XCConfigurationList;
			buildConfigurations = (
				84B752CA206C2B5900C44CFA /* Debug */,
				84B752CB206C2B5900C44CFA /* Release */,
			);
			defaultConfigurationIsVisible = 0;
			defaultConfigurationName = Release;
		};
		84B752CC206C2B5900C44CFA /* Build configuration list for PBXNativeTarget "convocatoriaMovilidadTests" */ = {
			isa = XCConfigurationList;
			buildConfigurations = (
				84B752CD206C2B5900C44CFA /* Debug */,
				84B752CE206C2B5900C44CFA /* Release */,
			);
			defaultConfigurationIsVisible = 0;
			defaultConfigurationName = Release;
		};
		84B752CF206C2B5900C44CFA /* Build configuration list for PBXNativeTarget "convocatoriaMovilidadUITests" */ = {
			isa = XCConfigurationList;
			buildConfigurations = (
				84B752D0206C2B5900C44CFA /* Debug */,
				84B752D1206C2B5900C44CFA /* Release */,
			);
			defaultConfigurationIsVisible = 0;
			defaultConfigurationName = Release;
		};
/* End XCConfigurationList section */
	};
	rootObject = 84B75299206C2B5900C44CFA /* Project object */;
}
